{
	"name": "dialogic",
	"version": "0.5.0",
	"lockfileVersion": 1,
	"requires": true,
	"dependencies": {
		"@types/mithril": {
			"version": "2.0.3",
			"resolved": "https://registry.npmjs.org/@types/mithril/-/mithril-2.0.3.tgz",
			"integrity": "sha512-cZHOdO2IiXYeyjeDYdbOisSdfaJRzfmRo3zVzgu33IWTMA0KEQObp9fdvqcuYdPz93iJ1yCl19GcEjo/9yv+yA=="
		},
		"mithril": {
			"version": "2.0.4",
			"resolved": "https://registry.npmjs.org/mithril/-/mithril-2.0.4.tgz",
			"integrity": "sha512-mgw+DMZlhMS4PpprF6dl7ZoeZq5GGcAuWnrg5e12MvaGauc4jzWsDZtVGRCktsiQczOEUr2K5teKbE5k44RlOg=="
		}
	}
}
