{
	"name": "dialogic",
	"version": "0.9.0",
	"lockfileVersion": 1,
	"requires": true,
	"dependencies": {
		"@types/mithril": {
			"version": "2.0.3",
			"resolved": "https://registry.npmjs.org/@types/mithril/-/mithril-2.0.3.tgz",
			"integrity": "sha512-cZHOdO2IiXYeyjeDYdbOisSdfaJRzfmRo3zVzgu33IWTMA0KEQObp9fdvqcuYdPz93iJ1yCl19GcEjo/9yv+yA==",
			"dev": true
		},
		"mithril": {
			"version": "2.0.4",
			"resolved": "https://registry.npmjs.org/mithril/-/mithril-2.0.4.tgz",
			"integrity": "sha512-mgw+DMZlhMS4PpprF6dl7ZoeZq5GGcAuWnrg5e12MvaGauc4jzWsDZtVGRCktsiQczOEUr2K5teKbE5k44RlOg=="
		},
		"tslib": {
			"version": "2.0.1",
			"resolved": "https://registry.npmjs.org/tslib/-/tslib-2.0.1.tgz",
			"integrity": "sha512-SgIkNheinmEBgx1IUNirK0TUD4X9yjjBRTqqjggWCU3pUEqIk3/Uwl3yRixYKT6WjQuGiwDv4NomL3wqRCj+CQ==",
			"dev": true
		}
	}
}
